
Microsoft Visual Studio Solution File, Format Version 12.00
# Visual Studio Version 17
VisualStudioVersion = 17.2.32505.173
MinimumVisualStudioVersion = 10.0.40219.1
Project("{FAE04EC0-301F-11D3-BF4B-00C04F79EFBC}") = "ModificadorStatic", "ModificadorStatic.csproj", "{EEB65D49-CDC7-4DD4-966E-B752A0793B94}"
EndProject
Global
	GlobalSection(SolutionConfigurationPlatforms) = preSolution
		Debug|Any CPU = Debug|Any CPU
		Release|Any CPU = Release|Any CPU
	EndGlobalSection
	GlobalSection(ProjectConfigurationPlatforms) = postSolution
		{EEB65D49-CDC7-4DD4-966E-B752A0793B94}.Debug|Any CPU.ActiveCfg = Debug|Any CPU
		{EEB65D49-CDC7-4DD4-966E-B752A0793B94}.Debug|Any CPU.Build.0 = Debug|Any CPU
		{EEB65D49-CDC7-4DD4-966E-B752A0793B94}.Release|Any CPU.ActiveCfg = Release|Any CPU
		{EEB65D49-CDC7-4DD4-966E-B752A0793B94}.Release|Any CPU.Build.0 = Release|Any CPU
	EndGlobalSection
	GlobalSection(SolutionProperties) = preSolution
		HideSolutionNode = FALSE
	EndGlobalSection
	GlobalSection(ExtensibilityGlobals) = postSolution
		SolutionGuid = {CE69C7CB-F471-474F-BBF2-D608CB1417D3}
	EndGlobalSection
EndGlobal
