
Microsoft Visual Studio Solution File, Format Version 12.00
# Visual Studio Version 17
VisualStudioVersion = 17.1.32421.90
MinimumVisualStudioVersion = 10.0.40219.1
Project("{FAE04EC0-301F-11D3-BF4B-00C04F79EFBC}") = "minhaAppVS", "minhaAppVS.csproj", "{6E7BEDB4-D719-4776-9B36-42889484783C}"
EndProject
Global
	GlobalSection(SolutionConfigurationPlatforms) = preSolution
		Debug|Any CPU = Debug|Any CPU
		Release|Any CPU = Release|Any CPU
	EndGlobalSection
	GlobalSection(ProjectConfigurationPlatforms) = postSolution
		{6E7BEDB4-D719-4776-9B36-42889484783C}.Debug|Any CPU.ActiveCfg = Debug|Any CPU
		{6E7BEDB4-D719-4776-9B36-42889484783C}.Debug|Any CPU.Build.0 = Debug|Any CPU
		{6E7BEDB4-D719-4776-9B36-42889484783C}.Release|Any CPU.ActiveCfg = Release|Any CPU
		{6E7BEDB4-D719-4776-9B36-42889484783C}.Release|Any CPU.Build.0 = Release|Any CPU
	EndGlobalSection
	GlobalSection(SolutionProperties) = preSolution
		HideSolutionNode = FALSE
	EndGlobalSection
	GlobalSection(ExtensibilityGlobals) = postSolution
		SolutionGuid = {B1CC341F-AA15-40D0-A196-5514CD826FA3}
	EndGlobalSection
EndGlobal
