
Microsoft Visual Studio Solution File, Format Version 12.00
# Visual Studio Version 17
VisualStudioVersion = 17.2.32505.173
MinimumVisualStudioVersion = 10.0.40219.1
Project("{FAE04EC0-301F-11D3-BF4B-00C04F79EFBC}") = "ParametrosOpcionais", "ParametrosOpcionais.csproj", "{9194C9C0-9E73-4173-BDAA-D97DD79F83FB}"
EndProject
Global
	GlobalSection(SolutionConfigurationPlatforms) = preSolution
		Debug|Any CPU = Debug|Any CPU
		Release|Any CPU = Release|Any CPU
	EndGlobalSection
	GlobalSection(ProjectConfigurationPlatforms) = postSolution
		{9194C9C0-9E73-4173-BDAA-D97DD79F83FB}.Debug|Any CPU.ActiveCfg = Debug|Any CPU
		{9194C9C0-9E73-4173-BDAA-D97DD79F83FB}.Debug|Any CPU.Build.0 = Debug|Any CPU
		{9194C9C0-9E73-4173-BDAA-D97DD79F83FB}.Release|Any CPU.ActiveCfg = Release|Any CPU
		{9194C9C0-9E73-4173-BDAA-D97DD79F83FB}.Release|Any CPU.Build.0 = Release|Any CPU
	EndGlobalSection
	GlobalSection(SolutionProperties) = preSolution
		HideSolutionNode = FALSE
	EndGlobalSection
	GlobalSection(ExtensibilityGlobals) = postSolution
		SolutionGuid = {06A1DA04-7F2C-4349-BC72-0C0FA1E43441}
	EndGlobalSection
EndGlobal
