
Microsoft Visual Studio Solution File, Format Version 12.00
# Visual Studio Version 17
VisualStudioVersion = 17.2.32505.173
MinimumVisualStudioVersion = 10.0.40219.1
Project("{FAE04EC0-301F-11D3-BF4B-00C04F79EFBC}") = "CondicionaisSimples", "CondicionaisSimples.csproj", "{644784D6-5B79-46AE-AFA6-9181204472CD}"
EndProject
Global
	GlobalSection(SolutionConfigurationPlatforms) = preSolution
		Debug|Any CPU = Debug|Any CPU
		Release|Any CPU = Release|Any CPU
	EndGlobalSection
	GlobalSection(ProjectConfigurationPlatforms) = postSolution
		{644784D6-5B79-46AE-AFA6-9181204472CD}.Debug|Any CPU.ActiveCfg = Debug|Any CPU
		{644784D6-5B79-46AE-AFA6-9181204472CD}.Debug|Any CPU.Build.0 = Debug|Any CPU
		{644784D6-5B79-46AE-AFA6-9181204472CD}.Release|Any CPU.ActiveCfg = Release|Any CPU
		{644784D6-5B79-46AE-AFA6-9181204472CD}.Release|Any CPU.Build.0 = Release|Any CPU
	EndGlobalSection
	GlobalSection(SolutionProperties) = preSolution
		HideSolutionNode = FALSE
	EndGlobalSection
	GlobalSection(ExtensibilityGlobals) = postSolution
		SolutionGuid = {A8FA0867-4147-43CB-936A-2D063A82EEC9}
	EndGlobalSection
EndGlobal
